
Microsoft Visual Studio Solution File, Format Version 12.00
# Visual Studio Version 17
VisualStudioVersion = 17.0.31903.59
MinimumVisualStudioVersion = 10.0.40219.1
Project("{2150E333-8FDC-42A3-9474-1A3956D46DE8}") = "src", "src", "{053BCEB1-8B73-4D69-B01D-C72AB8D0D873}"
EndProject
Project("{FAE04EC0-301F-11D3-BF4B-00C04F79EFBC}") = "ConferenceRoomBooking.Domain", "src\ConferenceRoomBooking.Domain\ConferenceRoomBooking.Domain.csproj", "{885E37FC-7B99-4196-96A6-5A1571E823A5}"
EndProject
Project("{FAE04EC0-301F-11D3-BF4B-00C04F79EFBC}") = "ConferenceRoomBooking.ConsoleApp", "src\ConferenceRoomBooking.ConsoleApp\ConferenceRoomBooking.ConsoleApp.csproj", "{CBDAF6C8-2796-40B4-99FE-79D860CBA93D}"
EndProject
Project("{FAE04EC0-301F-11D3-BF4B-00C04F79EFBC}") = "ConferenceRoomBooking.Logic", "src\ConferenceRoomBooking.Logic\ConferenceRoomBooking.Logic.csproj", "{7EBF718F-FE64-46F2-9950-AD9A3F344BFF}"
EndProject
Project("{FAE04EC0-301F-11D3-BF4B-00C04F79EFBC}") = "ConferenceRoomBooking.Persistence", "src\ConferenceRoomBooking.Persistence\ConferenceRoomBooking.Persistence.csproj", "{704EE1CB-5B85-4BB0-B588-F969B1995DC4}"
EndProject
Project("{FAE04EC0-301F-11D3-BF4B-00C04F79EFBC}") = "ConferenceRoomBooking.API", "src\ConferenceRoomBooking.API\ConferenceRoomBooking.API.csproj", "{007BB662-109B-4624-BE9A-F28980B43D37}"
EndProject
Global
	GlobalSection(SolutionConfigurationPlatforms) = preSolution
		Debug|Any CPU = Debug|Any CPU
		Release|Any CPU = Release|Any CPU
	EndGlobalSection
	GlobalSection(SolutionProperties) = preSolution
		HideSolutionNode = FALSE
	EndGlobalSection
	GlobalSection(ProjectConfigurationPlatforms) = postSolution
		{885E37FC-7B99-4196-96A6-5A1571E823A5}.Debug|Any CPU.ActiveCfg = Debug|Any CPU
		{885E37FC-7B99-4196-96A6-5A1571E823A5}.Debug|Any CPU.Build.0 = Debug|Any CPU
		{885E37FC-7B99-4196-96A6-5A1571E823A5}.Release|Any CPU.ActiveCfg = Release|Any CPU
		{885E37FC-7B99-4196-96A6-5A1571E823A5}.Release|Any CPU.Build.0 = Release|Any CPU
		{CBDAF6C8-2796-40B4-99FE-79D860CBA93D}.Debug|Any CPU.ActiveCfg = Debug|Any CPU
		{CBDAF6C8-2796-40B4-99FE-79D860CBA93D}.Debug|Any CPU.Build.0 = Debug|Any CPU
		{CBDAF6C8-2796-40B4-99FE-79D860CBA93D}.Release|Any CPU.ActiveCfg = Release|Any CPU
		{CBDAF6C8-2796-40B4-99FE-79D860CBA93D}.Release|Any CPU.Build.0 = Release|Any CPU
		{7EBF718F-FE64-46F2-9950-AD9A3F344BFF}.Debug|Any CPU.ActiveCfg = Debug|Any CPU
		{7EBF718F-FE64-46F2-9950-AD9A3F344BFF}.Debug|Any CPU.Build.0 = Debug|Any CPU
		{7EBF718F-FE64-46F2-9950-AD9A3F344BFF}.Release|Any CPU.ActiveCfg = Release|Any CPU
		{7EBF718F-FE64-46F2-9950-AD9A3F344BFF}.Release|Any CPU.Build.0 = Release|Any CPU
		{704EE1CB-5B85-4BB0-B588-F969B1995DC4}.Debug|Any CPU.ActiveCfg = Debug|Any CPU
		{704EE1CB-5B85-4BB0-B588-F969B1995DC4}.Debug|Any CPU.Build.0 = Debug|Any CPU
		{704EE1CB-5B85-4BB0-B588-F969B1995DC4}.Release|Any CPU.ActiveCfg = Release|Any CPU
		{704EE1CB-5B85-4BB0-B588-F969B1995DC4}.Release|Any CPU.Build.0 = Release|Any CPU
		{007BB662-109B-4624-BE9A-F28980B43D37}.Debug|Any CPU.ActiveCfg = Debug|Any CPU
		{007BB662-109B-4624-BE9A-F28980B43D37}.Debug|Any CPU.Build.0 = Debug|Any CPU
		{007BB662-109B-4624-BE9A-F28980B43D37}.Release|Any CPU.ActiveCfg = Release|Any CPU
		{007BB662-109B-4624-BE9A-F28980B43D37}.Release|Any CPU.Build.0 = Release|Any CPU
	EndGlobalSection
	GlobalSection(NestedProjects) = preSolution
		{885E37FC-7B99-4196-96A6-5A1571E823A5} = {053BCEB1-8B73-4D69-B01D-C72AB8D0D873}
		{CBDAF6C8-2796-40B4-99FE-79D860CBA93D} = {053BCEB1-8B73-4D69-B01D-C72AB8D0D873}
		{7EBF718F-FE64-46F2-9950-AD9A3F344BFF} = {053BCEB1-8B73-4D69-B01D-C72AB8D0D873}
		{704EE1CB-5B85-4BB0-B588-F969B1995DC4} = {053BCEB1-8B73-4D69-B01D-C72AB8D0D873}
		{007BB662-109B-4624-BE9A-F28980B43D37} = {053BCEB1-8B73-4D69-B01D-C72AB8D0D873}
	EndGlobalSection
EndGlobal
